
Microsoft Visual Studio Solution File, Format Version 12.00
# Visual Studio Version 16
VisualStudioVersion = 16.0.29806.167
MinimumVisualStudioVersion = 10.0.40219.1
Project("{8BC9CEB8-8B4A-11D0-8D11-00A0C91BC942}") = "DIY", "DIY.vcxproj", "{B0C54A32-C04F-4525-911F-6C71C3207A55}"
EndProject
Global
	GlobalSection(SolutionConfigurationPlatforms) = preSolution
		Debug|x64 = Debug|x64
		Debug|x86 = Debug|x86
		Release|x64 = Release|x64
		Release|x86 = Release|x86
	EndGlobalSection
	GlobalSection(ProjectConfigurationPlatforms) = postSolution
		{B0C54A32-C04F-4525-911F-6C71C3207A55}.Debug|x64.ActiveCfg = Debug|x64
		{B0C54A32-C04F-4525-911F-6C71C3207A55}.Debug|x64.Build.0 = Debug|x64
		{B0C54A32-C04F-4525-911F-6C71C3207A55}.Debug|x86.ActiveCfg = Debug|Win32
		{B0C54A32-C04F-4525-911F-6C71C3207A55}.Debug|x86.Build.0 = Debug|Win32
		{B0C54A32-C04F-4525-911F-6C71C3207A55}.Release|x64.ActiveCfg = Release|x64
		{B0C54A32-C04F-4525-911F-6C71C3207A55}.Release|x64.Build.0 = Release|x64
		{B0C54A32-C04F-4525-911F-6C71C3207A55}.Release|x86.ActiveCfg = Release|Win32
		{B0C54A32-C04F-4525-911F-6C71C3207A55}.Release|x86.Build.0 = Release|Win32
	EndGlobalSection
	GlobalSection(SolutionProperties) = preSolution
		HideSolutionNode = FALSE
	EndGlobalSection
	GlobalSection(ExtensibilityGlobals) = postSolution
		SolutionGuid = {077DA346-D3CE-43F5-BEBF-E2C5380EFCE4}
	EndGlobalSection
EndGlobal
